[root]
name = "OxidizeJS"
version = "0.0.1"
dependencies = [
 "glob 0.1.0 (git+https://github.com/rust-lang/glob.git#923126289064ded89f028d14dc2f28bb347ae178)",
]

[[package]]
name = "glob"
version = "0.1.0"
source = "git+https://github.com/rust-lang/glob.git#923126289064ded89f028d14dc2f28bb347ae178"

